{
    "_readme": [
        "This file locks the dependencies of your project to a known state",
        "Read more about it at http://getcomposer.org/doc/01-basic-usage.md#composer-lock-the-lock-file",
        "This file is @generated automatically"
    ],
    "hash": "8e8624d3d9baeb484bd9f0a0a7d7ff0e",
    "packages": [
        {
            "name": "brandonwamboldt/utilphp",
            "version": "1.0.7",
            "source": {
                "type": "git",
                "url": "https://github.com/brandonwamboldt/utilphp.git",
                "reference": "74d79a58e70d3e11026f92a7c2ac488de60f83cd"
            },
            "dist": {
                "type": "zip",
                "url": "https://api.github.com/repos/brandonwamboldt/utilphp/zipball/74d79a58e70d3e11026f92a7c2ac488de60f83cd",
                "reference": "74d79a58e70d3e11026f92a7c2ac488de60f83cd",
                "shasum": ""
            },
            "require": {
                "php": ">=5.3.3"
            },
            "require-dev": {
                "satooshi/php-coveralls": "dev-master"
            },
            "type": "library",
            "autoload": {
                "psr-0": {
                    "utilphp\\": "src/"
                }
            },
            "notification-url": "https://packagist.org/downloads/",
            "license": [
                "MIT"
            ],
            "authors": [
                {
                    "name": "Brandon Wamboldt",
                    "email": "brandon.wamboldt@gmail.com"
                }
            ],
            "description": "util.php is a collection of useful functions and snippets that you need or could use every day, designed to avoid conflicts with existing projects",
            "homepage": "https://github.com/brandonwamboldt/utilphp",
            "keywords": [
                "collection",
                "helpers",
                "php",
                "utility"
            ],
            "time": "2015-01-24 04:09:39"
        },
        {
            "name": "symfony/config",
            "version": "v2.6.3",
            "target-dir": "Symfony/Component/Config",
            "source": {
                "type": "git",
                "url": "https://github.com/symfony/Config.git",
                "reference": "d94f222eff99a22ce313555b78642b4873418d56"
            },
            "dist": {
                "type": "zip",
                "url": "https://api.github.com/repos/symfony/Config/zipball/d94f222eff99a22ce313555b78642b4873418d56",
                "reference": "d94f222eff99a22ce313555b78642b4873418d56",
                "shasum": ""
            },
            "require": {
                "php": ">=5.3.3",
                "symfony/filesystem": "~2.3"
            },
            "type": "library",
            "extra": {
                "branch-alias": {
                    "dev-master": "2.6-dev"
                }
            },
            "autoload": {
                "psr-0": {
                    "Symfony\\Component\\Config\\": ""
                }
            },
            "notification-url": "https://packagist.org/downloads/",
            "license": [
                "MIT"
            ],
            "authors": [
                {
                    "name": "Symfony Community",
                    "homepage": "http://symfony.com/contributors"
                },
                {
                    "name": "Fabien Potencier",
                    "email": "fabien@symfony.com"
                }
            ],
            "description": "Symfony Config Component",
            "homepage": "http://symfony.com",
            "time": "2015-01-03 08:01:59"
        },
        {
            "name": "symfony/filesystem",
            "version": "v2.6.3",
            "target-dir": "Symfony/Component/Filesystem",
            "source": {
                "type": "git",
                "url": "https://github.com/symfony/Filesystem.git",
                "reference": "a1f566d1f92e142fa1593f4555d6d89e3044a9b7"
            },
            "dist": {
                "type": "zip",
                "url": "https://api.github.com/repos/symfony/Filesystem/zipball/a1f566d1f92e142fa1593f4555d6d89e3044a9b7",
                "reference": "a1f566d1f92e142fa1593f4555d6d89e3044a9b7",
                "shasum": ""
            },
            "require": {
                "php": ">=5.3.3"
            },
            "type": "library",
            "extra": {
                "branch-alias": {
                    "dev-master": "2.6-dev"
                }
            },
            "autoload": {
                "psr-0": {
                    "Symfony\\Component\\Filesystem\\": ""
                }
            },
            "notification-url": "https://packagist.org/downloads/",
            "license": [
                "MIT"
            ],
            "authors": [
                {
                    "name": "Symfony Community",
                    "homepage": "http://symfony.com/contributors"
                },
                {
                    "name": "Fabien Potencier",
                    "email": "fabien@symfony.com"
                }
            ],
            "description": "Symfony Filesystem Component",
            "homepage": "http://symfony.com",
            "time": "2015-01-03 21:13:09"
        },
        {
            "name": "symfony/yaml",
            "version": "v2.6.3",
            "target-dir": "Symfony/Component/Yaml",
            "source": {
                "type": "git",
                "url": "https://github.com/symfony/Yaml.git",
                "reference": "82462a90848a52c2533aa6b598b107d68076b018"
            },
            "dist": {
                "type": "zip",
                "url": "https://api.github.com/repos/symfony/Yaml/zipball/82462a90848a52c2533aa6b598b107d68076b018",
                "reference": "82462a90848a52c2533aa6b598b107d68076b018",
                "shasum": ""
            },
            "require": {
                "php": ">=5.3.3"
            },
            "type": "library",
            "extra": {
                "branch-alias": {
                    "dev-master": "2.6-dev"
                }
            },
            "autoload": {
                "psr-0": {
                    "Symfony\\Component\\Yaml\\": ""
                }
            },
            "notification-url": "https://packagist.org/downloads/",
            "license": [
                "MIT"
            ],
            "authors": [
                {
                    "name": "Symfony Community",
                    "homepage": "http://symfony.com/contributors"
                },
                {
                    "name": "Fabien Potencier",
                    "email": "fabien@symfony.com"
                }
            ],
            "description": "Symfony Yaml Component",
            "homepage": "http://symfony.com",
            "time": "2015-01-03 15:33:07"
        }
    ],
    "packages-dev": [],
    "aliases": [],
    "minimum-stability": "stable",
    "stability-flags": {
        "symfony/filesystem": 0,
        "symfony/config": 0,
        "symfony/yaml": 0
    },
    "prefer-stable": false,
    "platform": {
        "php": ">=5.4"
    },
    "platform-dev": []
}
